
Microsoft Visual Studio Solution File, Format Version 12.00
# Visual Studio Version 17
VisualStudioVersion = 17.14.36401.2
MinimumVisualStudioVersion = 10.0.40219.1
Project("{FAE04EC0-301F-11D3-BF4B-00C04F79EFBC}") = "InvoiceReminder.Api", "InvoiceReminder.Api\InvoiceReminder.Api.csproj", "{DB51615D-B439-419E-B11B-6A05C1816BEB}"
EndProject
Project("{2150E333-8FDC-42A3-9474-1A3956D46DE8}") = "src", "src", "{02EA681E-C7D8-13C7-8484-4AC65E1B71E8}"
EndProject
Global
	GlobalSection(SolutionConfigurationPlatforms) = preSolution
		Debug|Any CPU = Debug|Any CPU
		Release|Any CPU = Release|Any CPU
	EndGlobalSection
	GlobalSection(ProjectConfigurationPlatforms) = postSolution
		{DB51615D-B439-419E-B11B-6A05C1816BEB}.Debug|Any CPU.ActiveCfg = Debug|Any CPU
		{DB51615D-B439-419E-B11B-6A05C1816BEB}.Debug|Any CPU.Build.0 = Debug|Any CPU
		{DB51615D-B439-419E-B11B-6A05C1816BEB}.Release|Any CPU.ActiveCfg = Release|Any CPU
		{DB51615D-B439-419E-B11B-6A05C1816BEB}.Release|Any CPU.Build.0 = Release|Any CPU
	EndGlobalSection
	GlobalSection(SolutionProperties) = preSolution
		HideSolutionNode = FALSE
	EndGlobalSection
	GlobalSection(NestedProjects) = preSolution
		{DB51615D-B439-419E-B11B-6A05C1816BEB} = {02EA681E-C7D8-13C7-8484-4AC65E1B71E8}
	EndGlobalSection
	GlobalSection(ExtensibilityGlobals) = postSolution
		SolutionGuid = {6E23A88E-E2F2-4B0F-88B7-44844944774F}
	EndGlobalSection
EndGlobal
